
Microsoft Visual Studio Solution File, Format Version 12.00
# Visual Studio 15
VisualStudioVersion = 15.0.28307.136
MinimumVisualStudioVersion = 10.0.40219.1
Project("{9A19103F-16F7-4668-BE54-9A1E7A4F7556}") = "Netcore.BackgroundTask", "Netcore.BackgroundTask\Netcore.BackgroundTask.csproj", "{841375F8-70B3-4C8F-99D2-090CB43728D7}"
EndProject
Project("{FAE04EC0-301F-11D3-BF4B-00C04F79EFBC}") = "Netcore.BackgroundTask.Core", "Netcore.BackgroundTask.Core\Netcore.BackgroundTask.Core.csproj", "{C5FCF65B-E016-462A-B496-E65FC3135D58}"
EndProject
Project("{FAE04EC0-301F-11D3-BF4B-00C04F79EFBC}") = "Netcore.BackgroundTask.Infrastructure", "Netcore.BackgroundTask.Infrastructure\Netcore.BackgroundTask.Infrastructure.csproj", "{DD97983F-7FF5-4EB5-8979-194DED23E8C1}"
EndProject
Project("{FAE04EC0-301F-11D3-BF4B-00C04F79EFBC}") = "Netcore.BackgroundTask.Tests", "Netcore.BackgroundTask.Tests\Netcore.BackgroundTask.Tests.csproj", "{567E7EAC-9428-40EC-98C9-959944CDBAAA}"
EndProject
Global
	GlobalSection(SolutionConfigurationPlatforms) = preSolution
		Debug|Any CPU = Debug|Any CPU
		Release|Any CPU = Release|Any CPU
	EndGlobalSection
	GlobalSection(ProjectConfigurationPlatforms) = postSolution
		{841375F8-70B3-4C8F-99D2-090CB43728D7}.Debug|Any CPU.ActiveCfg = Debug|Any CPU
		{841375F8-70B3-4C8F-99D2-090CB43728D7}.Debug|Any CPU.Build.0 = Debug|Any CPU
		{841375F8-70B3-4C8F-99D2-090CB43728D7}.Release|Any CPU.ActiveCfg = Release|Any CPU
		{841375F8-70B3-4C8F-99D2-090CB43728D7}.Release|Any CPU.Build.0 = Release|Any CPU
		{C5FCF65B-E016-462A-B496-E65FC3135D58}.Debug|Any CPU.ActiveCfg = Debug|Any CPU
		{C5FCF65B-E016-462A-B496-E65FC3135D58}.Debug|Any CPU.Build.0 = Debug|Any CPU
		{C5FCF65B-E016-462A-B496-E65FC3135D58}.Release|Any CPU.ActiveCfg = Release|Any CPU
		{C5FCF65B-E016-462A-B496-E65FC3135D58}.Release|Any CPU.Build.0 = Release|Any CPU
		{DD97983F-7FF5-4EB5-8979-194DED23E8C1}.Debug|Any CPU.ActiveCfg = Debug|Any CPU
		{DD97983F-7FF5-4EB5-8979-194DED23E8C1}.Debug|Any CPU.Build.0 = Debug|Any CPU
		{DD97983F-7FF5-4EB5-8979-194DED23E8C1}.Release|Any CPU.ActiveCfg = Release|Any CPU
		{DD97983F-7FF5-4EB5-8979-194DED23E8C1}.Release|Any CPU.Build.0 = Release|Any CPU
		{567E7EAC-9428-40EC-98C9-959944CDBAAA}.Debug|Any CPU.ActiveCfg = Debug|Any CPU
		{567E7EAC-9428-40EC-98C9-959944CDBAAA}.Debug|Any CPU.Build.0 = Debug|Any CPU
		{567E7EAC-9428-40EC-98C9-959944CDBAAA}.Release|Any CPU.ActiveCfg = Release|Any CPU
		{567E7EAC-9428-40EC-98C9-959944CDBAAA}.Release|Any CPU.Build.0 = Release|Any CPU
	EndGlobalSection
	GlobalSection(SolutionProperties) = preSolution
		HideSolutionNode = FALSE
	EndGlobalSection
	GlobalSection(ExtensibilityGlobals) = postSolution
		SolutionGuid = {11188370-64DB-4711-885F-EEB25654A542}
	EndGlobalSection
EndGlobal
